
Microsoft Visual Studio Solution File, Format Version 12.00
# Visual Studio Version 16
VisualStudioVersion = 16.0.30011.22
MinimumVisualStudioVersion = 10.0.40219.1
Project("{FAE04EC0-301F-11D3-BF4B-00C04F79EFBC}") = "HWno1", "HomeWork3\HWno1.csproj", "{88C896B4-93C1-4973-A35C-9F85D47429D6}"
EndProject
Project("{FAE04EC0-301F-11D3-BF4B-00C04F79EFBC}") = "HWno2", "HWno2\HWno2.csproj", "{22D51FAE-1500-4FDD-8D64-F79D3E755DEE}"
EndProject
Project("{FAE04EC0-301F-11D3-BF4B-00C04F79EFBC}") = "HWno3", "HWno3\HWno3.csproj", "{27F58B9F-2B40-4E4B-BD49-4FB64D973E7D}"
EndProject
Global
	GlobalSection(SolutionConfigurationPlatforms) = preSolution
		Debug|Any CPU = Debug|Any CPU
		Release|Any CPU = Release|Any CPU
	EndGlobalSection
	GlobalSection(ProjectConfigurationPlatforms) = postSolution
		{88C896B4-93C1-4973-A35C-9F85D47429D6}.Debug|Any CPU.ActiveCfg = Debug|Any CPU
		{88C896B4-93C1-4973-A35C-9F85D47429D6}.Debug|Any CPU.Build.0 = Debug|Any CPU
		{88C896B4-93C1-4973-A35C-9F85D47429D6}.Release|Any CPU.ActiveCfg = Release|Any CPU
		{88C896B4-93C1-4973-A35C-9F85D47429D6}.Release|Any CPU.Build.0 = Release|Any CPU
		{22D51FAE-1500-4FDD-8D64-F79D3E755DEE}.Debug|Any CPU.ActiveCfg = Debug|Any CPU
		{22D51FAE-1500-4FDD-8D64-F79D3E755DEE}.Debug|Any CPU.Build.0 = Debug|Any CPU
		{22D51FAE-1500-4FDD-8D64-F79D3E755DEE}.Release|Any CPU.ActiveCfg = Release|Any CPU
		{22D51FAE-1500-4FDD-8D64-F79D3E755DEE}.Release|Any CPU.Build.0 = Release|Any CPU
		{27F58B9F-2B40-4E4B-BD49-4FB64D973E7D}.Debug|Any CPU.ActiveCfg = Debug|Any CPU
		{27F58B9F-2B40-4E4B-BD49-4FB64D973E7D}.Debug|Any CPU.Build.0 = Debug|Any CPU
		{27F58B9F-2B40-4E4B-BD49-4FB64D973E7D}.Release|Any CPU.ActiveCfg = Release|Any CPU
		{27F58B9F-2B40-4E4B-BD49-4FB64D973E7D}.Release|Any CPU.Build.0 = Release|Any CPU
	EndGlobalSection
	GlobalSection(SolutionProperties) = preSolution
		HideSolutionNode = FALSE
	EndGlobalSection
	GlobalSection(ExtensibilityGlobals) = postSolution
		SolutionGuid = {73A42F6D-CF0D-4A21-8C2A-A60ABA3CCCAE}
	EndGlobalSection
EndGlobal
