
Microsoft Visual Studio Solution File, Format Version 12.00
# Visual Studio Version 16
VisualStudioVersion = 16.0.30011.22
MinimumVisualStudioVersion = 10.0.40219.1
Project("{FAE04EC0-301F-11D3-BF4B-00C04F79EFBC}") = "HWno1", "HomeWork4\HWno1.csproj", "{98D03BD9-61DC-4BD6-B69F-9359DB6EA787}"
EndProject
Project("{FAE04EC0-301F-11D3-BF4B-00C04F79EFBC}") = "StaticLib", "StaticLib\StaticLib.csproj", "{D122E63C-9042-43FB-B63F-D15683D46949}"
EndProject
Project("{FAE04EC0-301F-11D3-BF4B-00C04F79EFBC}") = "HWno4", "HWno4\HWno4.csproj", "{8AFE547E-125C-4CD6-949D-A08F502942BC}"
EndProject
Project("{FAE04EC0-301F-11D3-BF4B-00C04F79EFBC}") = "HWno5", "HWno5\HWno5.csproj", "{4CD81B2D-D67A-41F2-AFB6-0F9785D9B242}"
EndProject
Project("{FAE04EC0-301F-11D3-BF4B-00C04F79EFBC}") = "MatrixLib", "MatrixLib\MatrixLib.csproj", "{93FFB9D1-97D8-44C8-B9D5-FDE12EB5EE5A}"
EndProject
Global
	GlobalSection(SolutionConfigurationPlatforms) = preSolution
		Debug|Any CPU = Debug|Any CPU
		Release|Any CPU = Release|Any CPU
	EndGlobalSection
	GlobalSection(ProjectConfigurationPlatforms) = postSolution
		{98D03BD9-61DC-4BD6-B69F-9359DB6EA787}.Debug|Any CPU.ActiveCfg = Debug|Any CPU
		{98D03BD9-61DC-4BD6-B69F-9359DB6EA787}.Debug|Any CPU.Build.0 = Debug|Any CPU
		{98D03BD9-61DC-4BD6-B69F-9359DB6EA787}.Release|Any CPU.ActiveCfg = Release|Any CPU
		{98D03BD9-61DC-4BD6-B69F-9359DB6EA787}.Release|Any CPU.Build.0 = Release|Any CPU
		{D122E63C-9042-43FB-B63F-D15683D46949}.Debug|Any CPU.ActiveCfg = Debug|Any CPU
		{D122E63C-9042-43FB-B63F-D15683D46949}.Debug|Any CPU.Build.0 = Debug|Any CPU
		{D122E63C-9042-43FB-B63F-D15683D46949}.Release|Any CPU.ActiveCfg = Release|Any CPU
		{D122E63C-9042-43FB-B63F-D15683D46949}.Release|Any CPU.Build.0 = Release|Any CPU
		{8AFE547E-125C-4CD6-949D-A08F502942BC}.Debug|Any CPU.ActiveCfg = Debug|Any CPU
		{8AFE547E-125C-4CD6-949D-A08F502942BC}.Debug|Any CPU.Build.0 = Debug|Any CPU
		{8AFE547E-125C-4CD6-949D-A08F502942BC}.Release|Any CPU.ActiveCfg = Release|Any CPU
		{8AFE547E-125C-4CD6-949D-A08F502942BC}.Release|Any CPU.Build.0 = Release|Any CPU
		{4CD81B2D-D67A-41F2-AFB6-0F9785D9B242}.Debug|Any CPU.ActiveCfg = Debug|Any CPU
		{4CD81B2D-D67A-41F2-AFB6-0F9785D9B242}.Debug|Any CPU.Build.0 = Debug|Any CPU
		{4CD81B2D-D67A-41F2-AFB6-0F9785D9B242}.Release|Any CPU.ActiveCfg = Release|Any CPU
		{4CD81B2D-D67A-41F2-AFB6-0F9785D9B242}.Release|Any CPU.Build.0 = Release|Any CPU
		{93FFB9D1-97D8-44C8-B9D5-FDE12EB5EE5A}.Debug|Any CPU.ActiveCfg = Debug|Any CPU
		{93FFB9D1-97D8-44C8-B9D5-FDE12EB5EE5A}.Debug|Any CPU.Build.0 = Debug|Any CPU
		{93FFB9D1-97D8-44C8-B9D5-FDE12EB5EE5A}.Release|Any CPU.ActiveCfg = Release|Any CPU
		{93FFB9D1-97D8-44C8-B9D5-FDE12EB5EE5A}.Release|Any CPU.Build.0 = Release|Any CPU
	EndGlobalSection
	GlobalSection(SolutionProperties) = preSolution
		HideSolutionNode = FALSE
	EndGlobalSection
	GlobalSection(ExtensibilityGlobals) = postSolution
		SolutionGuid = {20668155-F6A4-4961-AF37-FFF0711491D1}
	EndGlobalSection
EndGlobal
